github.com/EugeneGpil/getFormattedUrls v0.0.0 h1:jrM3ifMuqBywSTwFpiRnBx76opmDmhln9bGsur9JN/c=
github.com/EugeneGpil/getFormattedUrls v0.0.0/go.mod h1:0qx7+7P15MSizKpEfk/1pnarptq8mpx7QbDfBRtwnmA=
github.com/EugeneGpil/router v0.0.0 h1:enIQZAQ8XLiMocrFwQ+V1SfIFzDE93dUOYhIxTmdeSQ=
github.com/EugeneGpil/router v0.0.0/go.mod h1:HrEarJ6jdWRRn3hWJAFCNiNPkaLRlgFzOhaMTmOhMIo=
github.com/EugeneGpil/router v0.0.1 h1:S00uV+C0jtOK8RqcL5OVhcZn/kGfMUnPxk5bqygez5o=
github.com/EugeneGpil/router v0.0.1/go.mod h1:HrEarJ6jdWRRn3hWJAFCNiNPkaLRlgFzOhaMTmOhMIo=
